
Microsoft Visual Studio Solution File, Format Version 12.00
# Visual Studio Version 17
VisualStudioVersion = 17.1.32203.90
MinimumVisualStudioVersion = 10.0.40219.1
Project("{FAE04EC0-301F-11D3-BF4B-00C04F79EFBC}") = "CPW219-AspnetMVC-CRUD-Debugging", "CPW219-AspnetMVC-CRUD-Debugging\CPW219-AspnetMVC-CRUD-Debugging.csproj", "{B772EB9B-9023-4BE3-A467-2D1BF048E5C2}"
EndProject
Global
	GlobalSection(SolutionConfigurationPlatforms) = preSolution
		Debug|Any CPU = Debug|Any CPU
		Release|Any CPU = Release|Any CPU
	EndGlobalSection
	GlobalSection(ProjectConfigurationPlatforms) = postSolution
		{B772EB9B-9023-4BE3-A467-2D1BF048E5C2}.Debug|Any CPU.ActiveCfg = Debug|Any CPU
		{B772EB9B-9023-4BE3-A467-2D1BF048E5C2}.Debug|Any CPU.Build.0 = Debug|Any CPU
		{B772EB9B-9023-4BE3-A467-2D1BF048E5C2}.Release|Any CPU.ActiveCfg = Release|Any CPU
		{B772EB9B-9023-4BE3-A467-2D1BF048E5C2}.Release|Any CPU.Build.0 = Release|Any CPU
	EndGlobalSection
	GlobalSection(SolutionProperties) = preSolution
		HideSolutionNode = FALSE
	EndGlobalSection
	GlobalSection(ExtensibilityGlobals) = postSolution
		SolutionGuid = {5DDD9488-D62E-419F-A126-3FEFBA48B2D0}
	EndGlobalSection
EndGlobal
